
Microsoft Visual Studio Solution File, Format Version 12.00
# Visual Studio Version 16
VisualStudioVersion = 16.0.30114.105
MinimumVisualStudioVersion = 10.0.40219.1
Project("{FAE04EC0-301F-11D3-BF4B-00C04F79EFBC}") = "Robust.LoaderApi", "..\Robust.LoaderApi\Robust.LoaderApi\Robust.LoaderApi.csproj", "{52E0A5E9-3AFD-4189-86D8-140CE092F206}"
EndProject
Project("{FAE04EC0-301F-11D3-BF4B-00C04F79EFBC}") = "Robust.Client", "Robust.Client\Robust.Client.csproj", "{32ED1A69-265C-4F14-ABFD-4E5ADD4F6E68}"
EndProject
Global
	GlobalSection(SolutionConfigurationPlatforms) = preSolution
		Debug|Any CPU = Debug|Any CPU
		Release|Any CPU = Release|Any CPU
	EndGlobalSection
	GlobalSection(SolutionProperties) = preSolution
		HideSolutionNode = FALSE
	EndGlobalSection
	GlobalSection(ProjectConfigurationPlatforms) = postSolution
		{52E0A5E9-3AFD-4189-86D8-140CE092F206}.Debug|Any CPU.ActiveCfg = Debug|Any CPU
		{52E0A5E9-3AFD-4189-86D8-140CE092F206}.Debug|Any CPU.Build.0 = Debug|Any CPU
		{52E0A5E9-3AFD-4189-86D8-140CE092F206}.Release|Any CPU.ActiveCfg = Release|Any CPU
		{52E0A5E9-3AFD-4189-86D8-140CE092F206}.Release|Any CPU.Build.0 = Release|Any CPU
		{32ED1A69-265C-4F14-ABFD-4E5ADD4F6E68}.Debug|Any CPU.ActiveCfg = Debug|Any CPU
		{32ED1A69-265C-4F14-ABFD-4E5ADD4F6E68}.Debug|Any CPU.Build.0 = Debug|Any CPU
		{32ED1A69-265C-4F14-ABFD-4E5ADD4F6E68}.Release|Any CPU.ActiveCfg = Release|Any CPU
		{32ED1A69-265C-4F14-ABFD-4E5ADD4F6E68}.Release|Any CPU.Build.0 = Release|Any CPU
	EndGlobalSection
EndGlobal
