{
  "nodes": {
    "nixpkgs": {
      "locked": {
        "lastModified": 1710106372,
        "narHash": "sha256-v+DJLHifcMDQeAjypQXoUuNaGCuzH7o59swB4pK5SxY=",
        "owner": "NixOS",
        "repo": "nixpkgs",
        "rev": "bb4a58437c016bb38c07ac84e32f95a9d2f0b6c6",
        "type": "github"
      },
      "original": {
        "owner": "NixOS",
        "ref": "release-23.11",
        "repo": "nixpkgs",
        "type": "github"
      }
    },
    "root": {
      "inputs": {
        "nixpkgs": "nixpkgs"
      }
    }
  },
  "root": "root",
  "version": 7
}
