
Microsoft Visual Studio Solution File, Format Version 12.00
# Visual Studio 15
VisualStudioVersion = 15.0.26124.0
MinimumVisualStudioVersion = 15.0.26124.0
Project("{FAE04EC0-301F-11D3-BF4B-00C04F79EFBC}") = "SS14.Launcher", "SS14.Launcher\SS14.Launcher.csproj", "{15FE716D-0987-4F2F-8354-2D9CCAAC7B98}"
EndProject
Project("{FAE04EC0-301F-11D3-BF4B-00C04F79EFBC}") = "SS14.Launcher.Tests", "SS14.Launcher.Tests\SS14.Launcher.Tests.csproj", "{AC4AA63C-DFC5-4C8A-B802-8135956BCAD9}"
EndProject
Project("{FAE04EC0-301F-11D3-BF4B-00C04F79EFBC}") = "SS14.Launcher.Bootstrap", "SS14.Launcher.Bootstrap\SS14.Launcher.Bootstrap.csproj", "{505C4E21-0B62-4F1E-82C6-8FDBA914757A}"
EndProject
Project("{2150E333-8FDC-42A3-9474-1A3956D46DE8}") = "Solution Items", "Solution Items", "{12BB41B7-34BA-44EF-9ECA-434A276D83BD}"
ProjectSection(SolutionItems) = preProject
	Readme.md = Readme.md
	LICENSE.txt = LICENSE.txt
	.editorconfig = .editorconfig
	Launcher.props = Launcher.props
	Directory.Packages.props = Directory.Packages.props
EndProjectSection
EndProject
Project("{2150E333-8FDC-42A3-9474-1A3956D46DE8}") = "Workflows", "Workflows", "{31D3CCC5-36F4-48C3-8885-E029A2026B57}"
ProjectSection(SolutionItems) = preProject
	.github\workflows\build-test.yml = .github\workflows\build-test.yml
	.github\workflows\publish-release.yml = .github\workflows\publish-release.yml
EndProjectSection
EndProject
Project("{2150E333-8FDC-42A3-9474-1A3956D46DE8}") = "Build Scripts", "Build Scripts", "{DBA9443D-A94E-4CD4-8603-ACC2F1434F0F}"
ProjectSection(SolutionItems) = preProject
	publish.sh = publish.sh
	publish_linux.sh = publish_linux.sh
	publish_osx.sh = publish_osx.sh
	publish_windows.sh = publish_windows.sh
	download_net_runtime.py = download_net_runtime.py
EndProjectSection
EndProject
Project("{FAE04EC0-301F-11D3-BF4B-00C04F79EFBC}") = "SS14.Loader", "SS14.Loader\SS14.Loader.csproj", "{4480C40E-ABCE-4012-8481-021A9ACCF9BB}"
EndProject
Project("{FAE04EC0-301F-11D3-BF4B-00C04F79EFBC}") = "Robust.LoaderApi", "Robust.LoaderApi\Robust.LoaderApi\Robust.LoaderApi.csproj", "{D7B7D05D-4C78-41AB-9643-6543EF8EBE29}"
EndProject
Project("{2150E333-8FDC-42A3-9474-1A3956D46DE8}") = "MSBuild", "MSBuild", "{3B5FEB12-2A8A-4F35-9367-C1A36CD5068B}"
	ProjectSection(SolutionItems) = preProject
		MSBuild\Robust.Trimming.targets = MSBuild\Robust.Trimming.targets
	EndProjectSection
EndProject
Global
	GlobalSection(SolutionConfigurationPlatforms) = preSolution
		Debug|Any CPU = Debug|Any CPU
		Debug|x64 = Debug|x64
		Debug|x86 = Debug|x86
		Release|Any CPU = Release|Any CPU
		Release|x64 = Release|x64
		Release|x86 = Release|x86
	EndGlobalSection
	GlobalSection(SolutionProperties) = preSolution
		HideSolutionNode = FALSE
	EndGlobalSection
	GlobalSection(ProjectConfigurationPlatforms) = postSolution
		{15FE716D-0987-4F2F-8354-2D9CCAAC7B98}.Debug|Any CPU.ActiveCfg = Debug|Any CPU
		{15FE716D-0987-4F2F-8354-2D9CCAAC7B98}.Debug|Any CPU.Build.0 = Debug|Any CPU
		{15FE716D-0987-4F2F-8354-2D9CCAAC7B98}.Debug|x64.ActiveCfg = Debug|Any CPU
		{15FE716D-0987-4F2F-8354-2D9CCAAC7B98}.Debug|x64.Build.0 = Debug|Any CPU
		{15FE716D-0987-4F2F-8354-2D9CCAAC7B98}.Debug|x86.ActiveCfg = Debug|Any CPU
		{15FE716D-0987-4F2F-8354-2D9CCAAC7B98}.Debug|x86.Build.0 = Debug|Any CPU
		{15FE716D-0987-4F2F-8354-2D9CCAAC7B98}.Release|Any CPU.ActiveCfg = Release|Any CPU
		{15FE716D-0987-4F2F-8354-2D9CCAAC7B98}.Release|Any CPU.Build.0 = Release|Any CPU
		{15FE716D-0987-4F2F-8354-2D9CCAAC7B98}.Release|x64.ActiveCfg = Release|Any CPU
		{15FE716D-0987-4F2F-8354-2D9CCAAC7B98}.Release|x64.Build.0 = Release|Any CPU
		{15FE716D-0987-4F2F-8354-2D9CCAAC7B98}.Release|x86.ActiveCfg = Release|Any CPU
		{15FE716D-0987-4F2F-8354-2D9CCAAC7B98}.Release|x86.Build.0 = Release|Any CPU
		{AC4AA63C-DFC5-4C8A-B802-8135956BCAD9}.Debug|Any CPU.ActiveCfg = Debug|Any CPU
		{AC4AA63C-DFC5-4C8A-B802-8135956BCAD9}.Debug|Any CPU.Build.0 = Debug|Any CPU
		{AC4AA63C-DFC5-4C8A-B802-8135956BCAD9}.Debug|x64.ActiveCfg = Debug|Any CPU
		{AC4AA63C-DFC5-4C8A-B802-8135956BCAD9}.Debug|x64.Build.0 = Debug|Any CPU
		{AC4AA63C-DFC5-4C8A-B802-8135956BCAD9}.Debug|x86.ActiveCfg = Debug|Any CPU
		{AC4AA63C-DFC5-4C8A-B802-8135956BCAD9}.Debug|x86.Build.0 = Debug|Any CPU
		{AC4AA63C-DFC5-4C8A-B802-8135956BCAD9}.Release|Any CPU.ActiveCfg = Release|Any CPU
		{AC4AA63C-DFC5-4C8A-B802-8135956BCAD9}.Release|Any CPU.Build.0 = Release|Any CPU
		{AC4AA63C-DFC5-4C8A-B802-8135956BCAD9}.Release|x64.ActiveCfg = Release|Any CPU
		{AC4AA63C-DFC5-4C8A-B802-8135956BCAD9}.Release|x64.Build.0 = Release|Any CPU
		{AC4AA63C-DFC5-4C8A-B802-8135956BCAD9}.Release|x86.ActiveCfg = Release|Any CPU
		{AC4AA63C-DFC5-4C8A-B802-8135956BCAD9}.Release|x86.Build.0 = Release|Any CPU
		{505C4E21-0B62-4F1E-82C6-8FDBA914757A}.Debug|Any CPU.ActiveCfg = Debug|Any CPU
		{505C4E21-0B62-4F1E-82C6-8FDBA914757A}.Debug|Any CPU.Build.0 = Debug|Any CPU
		{505C4E21-0B62-4F1E-82C6-8FDBA914757A}.Debug|x64.ActiveCfg = Debug|Any CPU
		{505C4E21-0B62-4F1E-82C6-8FDBA914757A}.Debug|x64.Build.0 = Debug|Any CPU
		{505C4E21-0B62-4F1E-82C6-8FDBA914757A}.Debug|x86.ActiveCfg = Debug|Any CPU
		{505C4E21-0B62-4F1E-82C6-8FDBA914757A}.Debug|x86.Build.0 = Debug|Any CPU
		{505C4E21-0B62-4F1E-82C6-8FDBA914757A}.Release|Any CPU.ActiveCfg = Release|Any CPU
		{505C4E21-0B62-4F1E-82C6-8FDBA914757A}.Release|Any CPU.Build.0 = Release|Any CPU
		{505C4E21-0B62-4F1E-82C6-8FDBA914757A}.Release|x64.ActiveCfg = Release|Any CPU
		{505C4E21-0B62-4F1E-82C6-8FDBA914757A}.Release|x64.Build.0 = Release|Any CPU
		{505C4E21-0B62-4F1E-82C6-8FDBA914757A}.Release|x86.ActiveCfg = Release|Any CPU
		{505C4E21-0B62-4F1E-82C6-8FDBA914757A}.Release|x86.Build.0 = Release|Any CPU
		{4480C40E-ABCE-4012-8481-021A9ACCF9BB}.Debug|Any CPU.ActiveCfg = Debug|Any CPU
		{4480C40E-ABCE-4012-8481-021A9ACCF9BB}.Debug|Any CPU.Build.0 = Debug|Any CPU
		{4480C40E-ABCE-4012-8481-021A9ACCF9BB}.Debug|x64.ActiveCfg = Debug|Any CPU
		{4480C40E-ABCE-4012-8481-021A9ACCF9BB}.Debug|x64.Build.0 = Debug|Any CPU
		{4480C40E-ABCE-4012-8481-021A9ACCF9BB}.Debug|x86.ActiveCfg = Debug|Any CPU
		{4480C40E-ABCE-4012-8481-021A9ACCF9BB}.Debug|x86.Build.0 = Debug|Any CPU
		{4480C40E-ABCE-4012-8481-021A9ACCF9BB}.Release|Any CPU.ActiveCfg = Release|Any CPU
		{4480C40E-ABCE-4012-8481-021A9ACCF9BB}.Release|Any CPU.Build.0 = Release|Any CPU
		{4480C40E-ABCE-4012-8481-021A9ACCF9BB}.Release|x64.ActiveCfg = Release|Any CPU
		{4480C40E-ABCE-4012-8481-021A9ACCF9BB}.Release|x64.Build.0 = Release|Any CPU
		{4480C40E-ABCE-4012-8481-021A9ACCF9BB}.Release|x86.ActiveCfg = Release|Any CPU
		{4480C40E-ABCE-4012-8481-021A9ACCF9BB}.Release|x86.Build.0 = Release|Any CPU
		{D7B7D05D-4C78-41AB-9643-6543EF8EBE29}.Debug|Any CPU.ActiveCfg = Debug|Any CPU
		{D7B7D05D-4C78-41AB-9643-6543EF8EBE29}.Debug|Any CPU.Build.0 = Debug|Any CPU
		{D7B7D05D-4C78-41AB-9643-6543EF8EBE29}.Debug|x64.ActiveCfg = Debug|Any CPU
		{D7B7D05D-4C78-41AB-9643-6543EF8EBE29}.Debug|x64.Build.0 = Debug|Any CPU
		{D7B7D05D-4C78-41AB-9643-6543EF8EBE29}.Debug|x86.ActiveCfg = Debug|Any CPU
		{D7B7D05D-4C78-41AB-9643-6543EF8EBE29}.Debug|x86.Build.0 = Debug|Any CPU
		{D7B7D05D-4C78-41AB-9643-6543EF8EBE29}.Release|Any CPU.ActiveCfg = Release|Any CPU
		{D7B7D05D-4C78-41AB-9643-6543EF8EBE29}.Release|Any CPU.Build.0 = Release|Any CPU
		{D7B7D05D-4C78-41AB-9643-6543EF8EBE29}.Release|x64.ActiveCfg = Release|Any CPU
		{D7B7D05D-4C78-41AB-9643-6543EF8EBE29}.Release|x64.Build.0 = Release|Any CPU
		{D7B7D05D-4C78-41AB-9643-6543EF8EBE29}.Release|x86.ActiveCfg = Release|Any CPU
		{D7B7D05D-4C78-41AB-9643-6543EF8EBE29}.Release|x86.Build.0 = Release|Any CPU
	EndGlobalSection
	GlobalSection(NestedProjects) = preSolution
		{31D3CCC5-36F4-48C3-8885-E029A2026B57} = {12BB41B7-34BA-44EF-9ECA-434A276D83BD}
		{DBA9443D-A94E-4CD4-8603-ACC2F1434F0F} = {12BB41B7-34BA-44EF-9ECA-434A276D83BD}
	EndGlobalSection
EndGlobal
