
Microsoft Visual Studio Solution File, Format Version 12.00
# Visual Studio 15
VisualStudioVersion = 15.0.26124.0
MinimumVisualStudioVersion = 15.0.26124.0
Project("{FAE04EC0-301F-11D3-BF4B-00C04F79EFBC}") = "SS14.Launcher", "SS14.Launcher\SS14.Launcher.csproj", "{15FE716D-0987-4F2F-8354-2D9CCAAC7B98}"
EndProject
Project("{FAE04EC0-301F-11D3-BF4B-00C04F79EFBC}") = "SS14.Launcher.Tests", "SS14.Launcher.Tests\SS14.Launcher.Tests.csproj", "{AC4AA63C-DFC5-4C8A-B802-8135956BCAD9}"
EndProject
Global
	GlobalSection(SolutionConfigurationPlatforms) = preSolution
		Debug|Any CPU = Debug|Any CPU
		Debug|x64 = Debug|x64
		Debug|x86 = Debug|x86
		Release|Any CPU = Release|Any CPU
		Release|x64 = Release|x64
		Release|x86 = Release|x86
	EndGlobalSection
	GlobalSection(SolutionProperties) = preSolution
		HideSolutionNode = FALSE
	EndGlobalSection
	GlobalSection(ProjectConfigurationPlatforms) = postSolution
		{15FE716D-0987-4F2F-8354-2D9CCAAC7B98}.Debug|Any CPU.ActiveCfg = Debug|Any CPU
		{15FE716D-0987-4F2F-8354-2D9CCAAC7B98}.Debug|Any CPU.Build.0 = Debug|Any CPU
		{15FE716D-0987-4F2F-8354-2D9CCAAC7B98}.Debug|x64.ActiveCfg = Debug|Any CPU
		{15FE716D-0987-4F2F-8354-2D9CCAAC7B98}.Debug|x64.Build.0 = Debug|Any CPU
		{15FE716D-0987-4F2F-8354-2D9CCAAC7B98}.Debug|x86.ActiveCfg = Debug|Any CPU
		{15FE716D-0987-4F2F-8354-2D9CCAAC7B98}.Debug|x86.Build.0 = Debug|Any CPU
		{15FE716D-0987-4F2F-8354-2D9CCAAC7B98}.Release|Any CPU.ActiveCfg = Release|Any CPU
		{15FE716D-0987-4F2F-8354-2D9CCAAC7B98}.Release|Any CPU.Build.0 = Release|Any CPU
		{15FE716D-0987-4F2F-8354-2D9CCAAC7B98}.Release|x64.ActiveCfg = Release|Any CPU
		{15FE716D-0987-4F2F-8354-2D9CCAAC7B98}.Release|x64.Build.0 = Release|Any CPU
		{15FE716D-0987-4F2F-8354-2D9CCAAC7B98}.Release|x86.ActiveCfg = Release|Any CPU
		{15FE716D-0987-4F2F-8354-2D9CCAAC7B98}.Release|x86.Build.0 = Release|Any CPU
		{AC4AA63C-DFC5-4C8A-B802-8135956BCAD9}.Debug|Any CPU.ActiveCfg = Debug|Any CPU
		{AC4AA63C-DFC5-4C8A-B802-8135956BCAD9}.Debug|Any CPU.Build.0 = Debug|Any CPU
		{AC4AA63C-DFC5-4C8A-B802-8135956BCAD9}.Debug|x64.ActiveCfg = Debug|Any CPU
		{AC4AA63C-DFC5-4C8A-B802-8135956BCAD9}.Debug|x64.Build.0 = Debug|Any CPU
		{AC4AA63C-DFC5-4C8A-B802-8135956BCAD9}.Debug|x86.ActiveCfg = Debug|Any CPU
		{AC4AA63C-DFC5-4C8A-B802-8135956BCAD9}.Debug|x86.Build.0 = Debug|Any CPU
		{AC4AA63C-DFC5-4C8A-B802-8135956BCAD9}.Release|Any CPU.ActiveCfg = Release|Any CPU
		{AC4AA63C-DFC5-4C8A-B802-8135956BCAD9}.Release|Any CPU.Build.0 = Release|Any CPU
		{AC4AA63C-DFC5-4C8A-B802-8135956BCAD9}.Release|x64.ActiveCfg = Release|Any CPU
		{AC4AA63C-DFC5-4C8A-B802-8135956BCAD9}.Release|x64.Build.0 = Release|Any CPU
		{AC4AA63C-DFC5-4C8A-B802-8135956BCAD9}.Release|x86.ActiveCfg = Release|Any CPU
		{AC4AA63C-DFC5-4C8A-B802-8135956BCAD9}.Release|x86.Build.0 = Release|Any CPU
	EndGlobalSection
EndGlobal
