
Microsoft Visual Studio Solution File, Format Version 12.00
Project("{FAE04EC0-301F-11D3-BF4B-00C04F79EFBC}") = "SS14.Launcher", "SS14.Launcher\SS14.Launcher.csproj", "{D084AE91-C905-4EB0-BB65-1948002950FE}"
EndProject
Global
	GlobalSection(SolutionConfigurationPlatforms) = preSolution
		Debug|Any CPU = Debug|Any CPU
		Release|Any CPU = Release|Any CPU
	EndGlobalSection
	GlobalSection(ProjectConfigurationPlatforms) = postSolution
		{D084AE91-C905-4EB0-BB65-1948002950FE}.Debug|Any CPU.ActiveCfg = Debug|Any CPU
		{D084AE91-C905-4EB0-BB65-1948002950FE}.Debug|Any CPU.Build.0 = Debug|Any CPU
		{D084AE91-C905-4EB0-BB65-1948002950FE}.Release|Any CPU.ActiveCfg = Release|Any CPU
		{D084AE91-C905-4EB0-BB65-1948002950FE}.Release|Any CPU.Build.0 = Release|Any CPU
	EndGlobalSection
EndGlobal
